
Microsoft Visual Studio Solution File, Format Version 12.00
# Visual Studio Version 17
VisualStudioVersion = 17.5.002.0
MinimumVisualStudioVersion = 10.0.40219.1
Project("{9A19103F-16F7-4668-BE54-9A1E7A4F7556}") = "PaintDreamBackend", "PaintDreamBackend.csproj", "{9FEFB280-EDB4-4802-BCCA-0CDB3DA919C9}"
EndProject
Global
	GlobalSection(SolutionConfigurationPlatforms) = preSolution
		Debug|Any CPU = Debug|Any CPU
		Release|Any CPU = Release|Any CPU
	EndGlobalSection
	GlobalSection(ProjectConfigurationPlatforms) = postSolution
		{9FEFB280-EDB4-4802-BCCA-0CDB3DA919C9}.Debug|Any CPU.ActiveCfg = Debug|Any CPU
		{9FEFB280-EDB4-4802-BCCA-0CDB3DA919C9}.Debug|Any CPU.Build.0 = Debug|Any CPU
		{9FEFB280-EDB4-4802-BCCA-0CDB3DA919C9}.Release|Any CPU.ActiveCfg = Release|Any CPU
		{9FEFB280-EDB4-4802-BCCA-0CDB3DA919C9}.Release|Any CPU.Build.0 = Release|Any CPU
	EndGlobalSection
	GlobalSection(SolutionProperties) = preSolution
		HideSolutionNode = FALSE
	EndGlobalSection
	GlobalSection(ExtensibilityGlobals) = postSolution
		SolutionGuid = {86513865-0B11-4D1E-B6F7-AA80DEADD7D9}
	EndGlobalSection
EndGlobal
